
Microsoft Visual Studio Solution File, Format Version 12.00
# Visual Studio Version 16
VisualStudioVersion = 16.0.30503.244
MinimumVisualStudioVersion = 10.0.40219.1
Project("{FAE04EC0-301F-11D3-BF4B-00C04F79EFBC}") = "IC7300-SetTime", "IC7300-SetTime.csproj", "{1C2B92EE-D4EB-462E-BDFB-1167D39D6A48}"
EndProject
Project("{54435603-DBB4-11D2-8724-00A0C9A8B90C}") = "IC7300 SetTime", "..\IC7300 SetTime\IC7300 SetTime.vdproj", "{DA33EA54-09BE-4621-A225-0F1015C6AB81}"
EndProject
Global
	GlobalSection(SolutionConfigurationPlatforms) = preSolution
		Debug|Any CPU = Debug|Any CPU
		Release|Any CPU = Release|Any CPU
	EndGlobalSection
	GlobalSection(ProjectConfigurationPlatforms) = postSolution
		{1C2B92EE-D4EB-462E-BDFB-1167D39D6A48}.Debug|Any CPU.ActiveCfg = Debug|Any CPU
		{1C2B92EE-D4EB-462E-BDFB-1167D39D6A48}.Debug|Any CPU.Build.0 = Debug|Any CPU
		{1C2B92EE-D4EB-462E-BDFB-1167D39D6A48}.Release|Any CPU.ActiveCfg = Release|Any CPU
		{1C2B92EE-D4EB-462E-BDFB-1167D39D6A48}.Release|Any CPU.Build.0 = Release|Any CPU
		{DA33EA54-09BE-4621-A225-0F1015C6AB81}.Debug|Any CPU.ActiveCfg = Debug
		{DA33EA54-09BE-4621-A225-0F1015C6AB81}.Release|Any CPU.ActiveCfg = Release
	EndGlobalSection
	GlobalSection(SolutionProperties) = preSolution
		HideSolutionNode = FALSE
	EndGlobalSection
	GlobalSection(ExtensibilityGlobals) = postSolution
		SolutionGuid = {8FA8067A-B944-4530-A7FD-92FF200FE3D6}
		RESX_NeutralResourcesLanguage = es-ES
		RESX_PrefixTranslations = False
	EndGlobalSection
EndGlobal
